{
  "nodes": {
    "nixpkgs": {
      "locked": {
        "lastModified": 1790822859,
        "narHash": "sha256-69xHQhAeMAD2wDXO7T2pcOZIF9Sga2W+JkmY2a11Ops=",
        "owner": "nixos",
        "repo": "nixpkgs",
        "rev": "c59305bab2065cfecc4944690d9eedbb56f3a9fa",
        "type": "github"
      },
      "original": {
        "owner": "nixos",
        "ref": "nixos-unstable",
        "repo": "nixpkgs",
        "type": "github"
      }
    },
    "root": {
      "inputs": {
        "nixpkgs": "nixpkgs",
        "serpantinum-wallpapers": "serpantinum-wallpapers"
      }
    },
    "serpantinum-wallpapers": {
      "flake": false,
      "locked": {
        "lastModified": 1789127588,
        "narHash": "sha256-L3xRtDXH1ERwVIP+ztT6qn7YYh3aHpfpy1/nvyjvKIc=",
        "owner": "ilyamiro",
        "repo": "shell-wallpapers",
        "rev": "4f5994aff60403f88d3f0378e6f9c9d0a00b0289",
        "type": "github"
      },
      "original": {
        "owner": "ilyamiro",
        "repo": "shell-wallpapers",
        "type": "github"
      }
    }
  },
  "root": "root",
  "version": 7
}
